{
  "version": 4,
  "terraform_version": "0.12.24",
  "serial": 7,
  "lineage": "2746217f-4497-484a-79c8-d57b60154ab3",
  "outputs": {},
  "resources": [
    {
      "mode": "managed",
      "type": "azurerm_app_service_plan",
      "name": "darts_asp",
      "provider": "provider.azurerm",
      "instances": [
        {
          "schema_version": 0,
          "attributes": {
            "app_service_environment_id": "",
            "id": "/subscriptions/82e0a464-1f1d-4537-b4b5-b3299d5677a2/resourceGroups/dm-darts/providers/Microsoft.Web/serverfarms/dm-darts-asp",
            "is_xenon": false,
            "kind": "functionapp",
            "location": "eastus",
            "maximum_elastic_worker_count": 1,
            "maximum_number_of_workers": 0,
            "name": "dm-darts-asp",
            "per_site_scaling": false,
            "reserved": false,
            "resource_group_name": "dm-darts",
            "sku": [
              {
                "capacity": 0,
                "size": "Y1",
                "tier": "Dynamic"
              }
            ],
            "tags": null,
            "timeouts": null
          },
          "private": "eyJlMmJmYjczMC1lY2FhLTExZTYtOGY4OC0zNDM2M2JjN2M0YzAiOnsiY3JlYXRlIjozNjAwMDAwMDAwMDAwLCJkZWxldGUiOjM2MDAwMDAwMDAwMDAsInJlYWQiOjMwMDAwMDAwMDAwMCwidXBkYXRlIjozNjAwMDAwMDAwMDAwfX0=",
          "dependencies": [
            "azurerm_resource_group.darts_rg"
          ]
        }
      ]
    },
    {
      "mode": "managed",
      "type": "azurerm_function_app",
      "name": "darts_functions",
      "provider": "provider.azurerm",
      "instances": [
        {
          "schema_version": 0,
          "attributes": {
            "app_service_plan_id": "/subscriptions/82e0a464-1f1d-4537-b4b5-b3299d5677a2/resourceGroups/dm-darts/providers/Microsoft.Web/serverfarms/dm-darts-asp",
            "app_settings": null,
            "auth_settings": [
              {
                "active_directory": [],
                "additional_login_params": {},
                "allowed_external_redirect_urls": [],
                "default_provider": "",
                "enabled": false,
                "facebook": [],
                "google": [],
                "issuer": "",
                "microsoft": [],
                "runtime_version": "",
                "token_refresh_extension_hours": 0,
                "token_store_enabled": false,
                "twitter": [],
                "unauthenticated_client_action": ""
              }
            ],
            "client_affinity_enabled": false,
            "connection_string": [],
            "daily_memory_time_quota": 0,
            "default_hostname": "dm-darts-app.azurewebsites.net",
            "enable_builtin_logging": true,
            "enabled": true,
            "https_only": false,
            "id": "/subscriptions/82e0a464-1f1d-4537-b4b5-b3299d5677a2/resourceGroups/dm-darts/providers/Microsoft.Web/sites/dm-darts-app",
            "identity": [],
            "kind": "functionapp",
            "location": "eastus",
            "name": "dm-darts-app",
            "os_type": "",
            "outbound_ip_addresses": "40.71.11.137,40.112.51.118,168.62.182.40,13.90.210.180,23.96.109.224",
            "possible_outbound_ip_addresses": "40.71.11.137,40.112.51.118,168.62.182.40,13.90.210.180,23.96.109.224,168.62.165.241,13.92.227.141,40.71.42.249,104.211.48.73,40.117.141.227",
            "resource_group_name": "dm-darts",
            "site_config": [
              {
                "always_on": false,
                "cors": [
                  {
                    "allowed_origins": [
                      "https://functions-next.azure.com",
                      "https://functions-staging.azure.com",
                      "https://functions.azure.com"
                    ],
                    "support_credentials": false
                  }
                ],
                "ftps_state": "AllAllowed",
                "http2_enabled": false,
                "ip_restriction": [],
                "linux_fx_version": "",
                "min_tls_version": "1.2",
                "use_32_bit_worker_process": true,
                "websockets_enabled": false
              }
            ],
            "site_credential": [
              {
                "password": "hh0AkQQZ4nogG2dqnpF0dpyWhTiAhwkPznMxnmuKpeqQTi2EQth4YcH8fiFq",
                "username": "$dm-darts-app"
              }
            ],
            "storage_connection_string": "DefaultEndpointsProtocol=https;AccountName=dmdartssa;AccountKey=w0p6fFLQbm7j/wryRWVqNzgbGQeAxazLcRoWJF909tWcjgrYGzpH8OI3V1phZ2RKO8boJ60uhMXm4o2wMxMx/w==;EndpointSuffix=core.windows.net",
            "tags": null,
            "timeouts": null,
            "version": "~1"
          },
          "private": "eyJlMmJmYjczMC1lY2FhLTExZTYtOGY4OC0zNDM2M2JjN2M0YzAiOnsiY3JlYXRlIjoxODAwMDAwMDAwMDAwLCJkZWxldGUiOjE4MDAwMDAwMDAwMDAsInJlYWQiOjMwMDAwMDAwMDAwMCwidXBkYXRlIjoxODAwMDAwMDAwMDAwfX0=",
          "dependencies": [
            "azurerm_app_service_plan.darts_asp",
            "azurerm_resource_group.darts_rg",
            "azurerm_storage_account.darts_sa"
          ]
        }
      ]
    },
    {
      "mode": "managed",
      "type": "azurerm_resource_group",
      "name": "darts_rg",
      "provider": "provider.azurerm",
      "instances": [
        {
          "schema_version": 0,
          "attributes": {
            "id": "/subscriptions/82e0a464-1f1d-4537-b4b5-b3299d5677a2/resourceGroups/dm-darts",
            "location": "eastus",
            "name": "dm-darts",
            "tags": null,
            "timeouts": null
          },
          "private": "eyJlMmJmYjczMC1lY2FhLTExZTYtOGY4OC0zNDM2M2JjN2M0YzAiOnsiY3JlYXRlIjo1NDAwMDAwMDAwMDAwLCJkZWxldGUiOjU0MDAwMDAwMDAwMDAsInJlYWQiOjMwMDAwMDAwMDAwMCwidXBkYXRlIjo1NDAwMDAwMDAwMDAwfX0="
        }
      ]
    },
    {
      "mode": "managed",
      "type": "azurerm_sql_database",
      "name": "darts-db",
      "provider": "provider.azurerm",
      "instances": [
        {
          "schema_version": 0,
          "attributes": {
            "collation": "SQL_Latin1_General_CP1_CI_AS",
            "create_mode": "Default",
            "creation_date": "2020-03-23T02:25:28.37Z",
            "default_secondary_location": "West US",
            "edition": "GeneralPurpose",
            "elastic_pool_name": "",
            "encryption": "",
            "extended_auditing_policy": [],
            "id": "/subscriptions/82e0a464-1f1d-4537-b4b5-b3299d5677a2/resourceGroups/dm-darts/providers/Microsoft.Sql/servers/darts-db-server/databases/darts-db",
            "import": [],
            "location": "eastus",
            "max_size_bytes": "34359738368",
            "max_size_gb": null,
            "name": "darts-db",
            "read_scale": false,
            "requested_service_objective_id": "aa3dbf38-039b-4a88-8487-94dfddfd1f86",
            "requested_service_objective_name": "GP_S_Gen5_1",
            "resource_group_name": "dm-darts",
            "restore_point_in_time": null,
            "server_name": "darts-db-server",
            "source_database_deletion_date": null,
            "source_database_id": null,
            "tags": null,
            "threat_detection_policy": [
              {
                "disabled_alerts": [],
                "email_account_admins": "Disabled",
                "email_addresses": [],
                "retention_days": 0,
                "state": "Disabled",
                "storage_account_access_key": "",
                "storage_endpoint": "",
                "use_server_default": "Disabled"
              }
            ],
            "timeouts": null,
            "zone_redundant": false
          },
          "private": "eyJlMmJmYjczMC1lY2FhLTExZTYtOGY4OC0zNDM2M2JjN2M0YzAiOnsiY3JlYXRlIjozNjAwMDAwMDAwMDAwLCJkZWxldGUiOjM2MDAwMDAwMDAwMDAsInJlYWQiOjMwMDAwMDAwMDAwMCwidXBkYXRlIjozNjAwMDAwMDAwMDAwfX0=",
          "dependencies": [
            "azurerm_resource_group.darts_rg",
            "azurerm_sql_server.darts_sql_server"
          ]
        }
      ]
    },
    {
      "mode": "managed",
      "type": "azurerm_sql_server",
      "name": "darts_sql_server",
      "provider": "provider.azurerm",
      "instances": [
        {
          "schema_version": 0,
          "attributes": {
            "administrator_login": "dmusil",
            "administrator_login_password": "TFtest187!",
            "extended_auditing_policy": [],
            "fully_qualified_domain_name": "darts-db-server.database.windows.net",
            "id": "/subscriptions/82e0a464-1f1d-4537-b4b5-b3299d5677a2/resourceGroups/dm-darts/providers/Microsoft.Sql/servers/darts-db-server",
            "identity": [],
            "location": "eastus",
            "name": "darts-db-server",
            "resource_group_name": "dm-darts",
            "tags": null,
            "timeouts": null,
            "version": "12.0"
          },
          "private": "eyJlMmJmYjczMC1lY2FhLTExZTYtOGY4OC0zNDM2M2JjN2M0YzAiOnsiY3JlYXRlIjozNjAwMDAwMDAwMDAwLCJkZWxldGUiOjM2MDAwMDAwMDAwMDAsInJlYWQiOjMwMDAwMDAwMDAwMCwidXBkYXRlIjozNjAwMDAwMDAwMDAwfX0=",
          "dependencies": [
            "azurerm_resource_group.darts_rg"
          ]
        }
      ]
    },
    {
      "mode": "managed",
      "type": "azurerm_storage_account",
      "name": "darts_sa",
      "provider": "provider.azurerm",
      "instances": [
        {
          "schema_version": 2,
          "attributes": {
            "access_tier": "Hot",
            "account_kind": "StorageV2",
            "account_replication_type": "LRS",
            "account_tier": "Standard",
            "blob_properties": [],
            "custom_domain": [],
            "enable_https_traffic_only": true,
            "id": "/subscriptions/82e0a464-1f1d-4537-b4b5-b3299d5677a2/resourceGroups/dm-darts/providers/Microsoft.Storage/storageAccounts/dmdartssa",
            "identity": [],
            "is_hns_enabled": false,
            "location": "eastus",
            "name": "dmdartssa",
            "network_rules": [
              {
                "bypass": [
                  "AzureServices"
                ],
                "default_action": "Allow",
                "ip_rules": [],
                "virtual_network_subnet_ids": []
              }
            ],
            "primary_access_key": "w0p6fFLQbm7j/wryRWVqNzgbGQeAxazLcRoWJF909tWcjgrYGzpH8OI3V1phZ2RKO8boJ60uhMXm4o2wMxMx/w==",
            "primary_blob_connection_string": "DefaultEndpointsProtocol=https;BlobEndpoint=https://dmdartssa.blob.core.windows.net/;AccountName=dmdartssa;AccountKey=w0p6fFLQbm7j/wryRWVqNzgbGQeAxazLcRoWJF909tWcjgrYGzpH8OI3V1phZ2RKO8boJ60uhMXm4o2wMxMx/w==",
            "primary_blob_endpoint": "https://dmdartssa.blob.core.windows.net/",
            "primary_blob_host": "dmdartssa.blob.core.windows.net",
            "primary_connection_string": "DefaultEndpointsProtocol=https;AccountName=dmdartssa;AccountKey=w0p6fFLQbm7j/wryRWVqNzgbGQeAxazLcRoWJF909tWcjgrYGzpH8OI3V1phZ2RKO8boJ60uhMXm4o2wMxMx/w==;EndpointSuffix=core.windows.net",
            "primary_dfs_endpoint": "https://dmdartssa.dfs.core.windows.net/",
            "primary_dfs_host": "dmdartssa.dfs.core.windows.net",
            "primary_file_endpoint": "https://dmdartssa.file.core.windows.net/",
            "primary_file_host": "dmdartssa.file.core.windows.net",
            "primary_location": "eastus",
            "primary_queue_endpoint": "https://dmdartssa.queue.core.windows.net/",
            "primary_queue_host": "dmdartssa.queue.core.windows.net",
            "primary_table_endpoint": "https://dmdartssa.table.core.windows.net/",
            "primary_table_host": "dmdartssa.table.core.windows.net",
            "primary_web_endpoint": "https://dmdartssa.z13.web.core.windows.net/",
            "primary_web_host": "dmdartssa.z13.web.core.windows.net",
            "queue_properties": [
              {
                "cors_rule": [],
                "hour_metrics": [
                  {
                    "enabled": true,
                    "include_apis": true,
                    "retention_policy_days": 7,
                    "version": "1.0"
                  }
                ],
                "logging": [
                  {
                    "delete": false,
                    "read": false,
                    "retention_policy_days": 0,
                    "version": "1.0",
                    "write": false
                  }
                ],
                "minute_metrics": [
                  {
                    "enabled": false,
                    "include_apis": false,
                    "retention_policy_days": 0,
                    "version": "1.0"
                  }
                ]
              }
            ],
            "resource_group_name": "dm-darts",
            "secondary_access_key": "Sjt6B3JX7fO6ZNpYPI5/xffsvBVRGDdQWSBxB8Rmg82l8yPt8F0fZkt+j2owhDw5Q/169Qx+UwNH0yOA4eJn+w==",
            "secondary_blob_connection_string": "",
            "secondary_blob_endpoint": null,
            "secondary_blob_host": null,
            "secondary_connection_string": "DefaultEndpointsProtocol=https;AccountName=dmdartssa;AccountKey=Sjt6B3JX7fO6ZNpYPI5/xffsvBVRGDdQWSBxB8Rmg82l8yPt8F0fZkt+j2owhDw5Q/169Qx+UwNH0yOA4eJn+w==;EndpointSuffix=core.windows.net",
            "secondary_dfs_endpoint": null,
            "secondary_dfs_host": null,
            "secondary_file_endpoint": null,
            "secondary_file_host": null,
            "secondary_location": "",
            "secondary_queue_endpoint": null,
            "secondary_queue_host": null,
            "secondary_table_endpoint": null,
            "secondary_table_host": null,
            "secondary_web_endpoint": null,
            "secondary_web_host": null,
            "static_website": [],
            "tags": null,
            "timeouts": null
          },
          "private": "eyJlMmJmYjczMC1lY2FhLTExZTYtOGY4OC0zNDM2M2JjN2M0YzAiOnsiY3JlYXRlIjozNjAwMDAwMDAwMDAwLCJkZWxldGUiOjM2MDAwMDAwMDAwMDAsInJlYWQiOjMwMDAwMDAwMDAwMCwidXBkYXRlIjozNjAwMDAwMDAwMDAwfSwic2NoZW1hX3ZlcnNpb24iOiIyIn0=",
          "dependencies": [
            "azurerm_resource_group.darts_rg"
          ]
        }
      ]
    }
  ]
}
